# This file is automatically @generated by Cargo.
# It is not intended for manual editing.
version = 3

[[package]]
name = "glam"
version = "0.30.0"
source = "registry+https://github.com/rust-lang/crates.io-index"
checksum = "17fcdf9683c406c2fc4d124afd29c0d595e22210d633cbdb8695ba9935ab1dc6"

[[package]]
name = "upsi5"
version = "0.1.0"
dependencies = [
 "glam",
]
